
Microsoft Visual Studio Solution File, Format Version 12.00
Project("{FAE04EC0-301F-11D3-BF4B-00C04F79EFBC}") = "BoletoNetCore", "BoletoNetCore\BoletoNetCore.csproj", "{19009BDA-A0F8-4A73-B38F-FA9381F346B1}"
EndProject
Project("{FAE04EC0-301F-11D3-BF4B-00C04F79EFBC}") = "BoletoNetCore.Testes", "BoletoNetCore.Testes\BoletoNetCore.Testes.csproj", "{B7E52E72-6392-47DB-A2FE-402CBF3E3D15}"
EndProject
Global
	GlobalSection(SolutionConfigurationPlatforms) = preSolution
		Debug|Any CPU = Debug|Any CPU
		Release|Any CPU = Release|Any CPU
	EndGlobalSection
	GlobalSection(ProjectConfigurationPlatforms) = postSolution
		{19009BDA-A0F8-4A73-B38F-FA9381F346B1}.Debug|Any CPU.ActiveCfg = Debug|Any CPU
		{19009BDA-A0F8-4A73-B38F-FA9381F346B1}.Debug|Any CPU.Build.0 = Debug|Any CPU
		{19009BDA-A0F8-4A73-B38F-FA9381F346B1}.Release|Any CPU.ActiveCfg = Release|Any CPU
		{19009BDA-A0F8-4A73-B38F-FA9381F346B1}.Release|Any CPU.Build.0 = Release|Any CPU
		{B7E52E72-6392-47DB-A2FE-402CBF3E3D15}.Debug|Any CPU.ActiveCfg = Debug|Any CPU
		{B7E52E72-6392-47DB-A2FE-402CBF3E3D15}.Debug|Any CPU.Build.0 = Debug|Any CPU
		{B7E52E72-6392-47DB-A2FE-402CBF3E3D15}.Release|Any CPU.ActiveCfg = Release|Any CPU
		{B7E52E72-6392-47DB-A2FE-402CBF3E3D15}.Release|Any CPU.Build.0 = Release|Any CPU
	EndGlobalSection
EndGlobal
